# This file is automatically @generated by Cargo.
# It is not intended for manual editing.
[[package]]
name = "aoc_rust"
version = "0.1.3"
dependencies = [
 "thrigger_support",
]

[[package]]
name = "thrigger_support"
version = "0.1.3"
source = "git+https://github.com/Thrigger/thrigger_support?branch=main#99ab3678007a97528642af42c2589f9c1b9dc64b"
