# This file is automatically @generated by Cargo.
# It is not intended for manual editing.
version = 3

[[package]]
name = "aoc_rust"
version = "0.1.0"
dependencies = [
 "thrigger_support",
]

[[package]]
name = "thrigger_support"
version = "0.3.4"
source = "git+https://github.com/Thrigger/thrigger_support?branch=main#9314fa728daa99f3b8603e402c83a778fa1d913d"
